// !$*UTF8*$!
{
	archiveVersion = 1;
	classes = {
	};
	objectVersion = 50;
	objects = {

/* Begin PBXBuildFile section */
		3B1DFF3C22A8DCF800A4C1E4 /* AppDelegate.swift in Sources */ = {isa = PBXBuildFile; fileRef = 3B1DFF3B22A8DCF800A4C1E4 /* AppDelegate.swift */; };
		3B1DFF3E22A8DCF800A4C1E4 /* SceneDelegate.swift in Sources */ = {isa = PBXBuildFile; fileRef = 3B1DFF3D22A8DCF800A4C1E4 /* SceneDelegate.swift */; };
		3B1DFF4022A8DCF800A4C1E4 /* SampleList.swift in Sources */ = {isa = PBXBuildFile; fileRef = 3B1DFF3F22A8DCF800A4C1E4 /* SampleList.swift */; };
		3B1DFF4222A8DCF900A4C1E4 /* Assets.xcassets in Resources */ = {isa = PBXBuildFile; fileRef = 3B1DFF4122A8DCF900A4C1E4 /* Assets.xcassets */; };
		3B1DFF4522A8DCF900A4C1E4 /* Preview Assets.xcassets in Resources */ = {isa = PBXBuildFile; fileRef = 3B1DFF4422A8DCF900A4C1E4 /* Preview Assets.xcassets */; };
		3B1DFF4822A8DCF900A4C1E4 /* LaunchScreen.storyboard in Resources */ = {isa = PBXBuildFile; fileRef = 3B1DFF4622A8DCF900A4C1E4 /* LaunchScreen.storyboard */; };
		3B1DFF5322A8DCF900A4C1E4 /* SwiftUISamplesTests.swift in Sources */ = {isa = PBXBuildFile; fileRef = 3B1DFF5222A8DCF900A4C1E4 /* SwiftUISamplesTests.swift */; };
/* End PBXBuildFile section */

/* Begin PBXContainerItemProxy section */
		3B1DFF4F22A8DCF900A4C1E4 /* PBXContainerItemProxy */ = {
			isa = PBXContainerItemProxy;
			containerPortal = 3B1DFF3022A8DCF800A4C1E4 /* Project object */;
			proxyType = 1;
			remoteGlobalIDString = 3B1DFF3722A8DCF800A4C1E4;
			remoteInfo = SwiftUISamples;
		};
/* End PBXContainerItemProxy section */

/* Begin PBXFileReference section */
		3B1DFF3822A8DCF800A4C1E4 /* SwiftUISamples.app */ = {isa = PBXFileReference; explicitFileType = wrapper.application; includeInIndex = 0; path = SwiftUISamples.app; sourceTree = BUILT_PRODUCTS_DIR; };
		3B1DFF3B22A8DCF800A4C1E4 /* AppDelegate.swift */ = {isa = PBXFileReference; lastKnownFileType = sourcecode.swift; path = AppDelegate.swift; sourceTree = "<group>"; };
		3B1DFF3D22A8DCF800A4C1E4 /* SceneDelegate.swift */ = {isa = PBXFileReference; lastKnownFileType = sourcecode.swift; path = SceneDelegate.swift; sourceTree = "<group>"; };
		3B1DFF3F22A8DCF800A4C1E4 /* SampleList.swift */ = {isa = PBXFileReference; lastKnownFileType = sourcecode.swift; path = SampleList.swift; sourceTree = "<group>"; };
		3B1DFF4122A8DCF900A4C1E4 /* Assets.xcassets */ = {isa = PBXFileReference; lastKnownFileType = folder.assetcatalog; path = Assets.xcassets; sourceTree = "<group>"; };
		3B1DFF4422A8DCF900A4C1E4 /* Preview Assets.xcassets */ = {isa = PBXFileReference; lastKnownFileType = folder.assetcatalog; path = "Preview Assets.xcassets"; sourceTree = "<group>"; };
		3B1DFF4722A8DCF900A4C1E4 /* Base */ = {isa = PBXFileReference; lastKnownFileType = file.storyboard; name = Base; path = Base.lproj/LaunchScreen.storyboard; sourceTree = "<group>"; };
		3B1DFF4922A8DCF900A4C1E4 /* Info.plist */ = {isa = PBXFileReference; lastKnownFileType = text.plist.xml; path = Info.plist; sourceTree = "<group>"; };
		3B1DFF4E22A8DCF900A4C1E4 /* SwiftUISamplesTests.xctest */ = {isa = PBXFileReference; explicitFileType = wrapper.cfbundle; includeInIndex = 0; path = SwiftUISamplesTests.xctest; sourceTree = BUILT_PRODUCTS_DIR; };
		3B1DFF5222A8DCF900A4C1E4 /* SwiftUISamplesTests.swift */ = {isa = PBXFileReference; lastKnownFileType = sourcecode.swift; path = SwiftUISamplesTests.swift; sourceTree = "<group>"; };
		3B1DFF5422A8DCF900A4C1E4 /* Info.plist */ = {isa = PBXFileReference; lastKnownFileType = text.plist.xml; path = Info.plist; sourceTree = "<group>"; };
/* End PBXFileReference section */

/* Begin PBXFrameworksBuildPhase section */
		3B1DFF3522A8DCF800A4C1E4 /* Frameworks */ = {
			isa = PBXFrameworksBuildPhase;
			buildActionMask = 2147483647;
			files = (
			);
			runOnlyForDeploymentPostprocessing = 0;
		};
		3B1DFF4B22A8DCF900A4C1E4 /* Frameworks */ = {
			isa = PBXFrameworksBuildPhase;
			buildActionMask = 2147483647;
			files = (
			);
			runOnlyForDeploymentPostprocessing = 0;
		};
/* End PBXFrameworksBuildPhase section */

/* Begin PBXGroup section */
		3B1DFF2F22A8DCF700A4C1E4 = {
			isa = PBXGroup;
			children = (
				3B1DFF3A22A8DCF800A4C1E4 /* SwiftUISamples */,
				3B1DFF5122A8DCF900A4C1E4 /* SwiftUISamplesTests */,
				3B1DFF3922A8DCF800A4C1E4 /* Products */,
			);
			sourceTree = "<group>";
		};
		3B1DFF3922A8DCF800A4C1E4 /* Products */ = {
			isa = PBXGroup;
			children = (
				3B1DFF3822A8DCF800A4C1E4 /* SwiftUISamples.app */,
				3B1DFF4E22A8DCF900A4C1E4 /* SwiftUISamplesTests.xctest */,
			);
			name = Products;
			sourceTree = "<group>";
		};
		3B1DFF3A22A8DCF800A4C1E4 /* SwiftUISamples */ = {
			isa = PBXGroup;
			children = (
				3B1DFF3B22A8DCF800A4C1E4 /* AppDelegate.swift */,
				3B1DFF3D22A8DCF800A4C1E4 /* SceneDelegate.swift */,
				3B1DFF3F22A8DCF800A4C1E4 /* SampleList.swift */,
				3B1DFF4122A8DCF900A4C1E4 /* Assets.xcassets */,
				3B1DFF4622A8DCF900A4C1E4 /* LaunchScreen.storyboard */,
				3B1DFF4922A8DCF900A4C1E4 /* Info.plist */,
				3B1DFF4322A8DCF900A4C1E4 /* Preview Content */,
			);
			path = SwiftUISamples;
			sourceTree = "<group>";
		};
		3B1DFF4322A8DCF900A4C1E4 /* Preview Content */ = {
			isa = PBXGroup;
			children = (
				3B1DFF4422A8DCF900A4C1E4 /* Preview Assets.xcassets */,
			);
			path = "Preview Content";
			sourceTree = "<group>";
		};
		3B1DFF5122A8DCF900A4C1E4 /* SwiftUISamplesTests */ = {
			isa = PBXGroup;
			children = (
				3B1DFF5222A8DCF900A4C1E4 /* SwiftUISamplesTests.swift */,
				3B1DFF5422A8DCF900A4C1E4 /* Info.plist */,
			);
			path = SwiftUISamplesTests;
			sourceTree = "<group>";
		};
/* End PBXGroup section */

/* Begin PBXNativeTarget section */
		3B1DFF3722A8DCF800A4C1E4 /* SwiftUISamples */ = {
			isa = PBXNativeTarget;
			buildConfigurationList = 3B1DFF5722A8DCF900A4C1E4 /* Build configuration list for PBXNativeTarget "SwiftUISamples" */;
			buildPhases = (
				3B1DFF3422A8DCF800A4C1E4 /* Sources */,
				3B1DFF3522A8DCF800A4C1E4 /* Frameworks */,
				3B1DFF3622A8DCF800A4C1E4 /* Resources */,
			);
			buildRules = (
			);
			dependencies = (
			);
			name = SwiftUISamples;
			productName = SwiftUISamples;
			productReference = 3B1DFF3822A8DCF800A4C1E4 /* SwiftUISamples.app */;
			productType = "com.apple.product-type.application";
		};
		3B1DFF4D22A8DCF900A4C1E4 /* SwiftUISamplesTests */ = {
			isa = PBXNativeTarget;
			buildConfigurationList = 3B1DFF5A22A8DCF900A4C1E4 /* Build configuration list for PBXNativeTarget "SwiftUISamplesTests" */;
			buildPhases = (
				3B1DFF4A22A8DCF900A4C1E4 /* Sources */,
				3B1DFF4B22A8DCF900A4C1E4 /* Frameworks */,
				3B1DFF4C22A8DCF900A4C1E4 /* Resources */,
			);
			buildRules = (
			);
			dependencies = (
				3B1DFF5022A8DCF900A4C1E4 /* PBXTargetDependency */,
			);
			name = SwiftUISamplesTests;
			productName = SwiftUISamplesTests;
			productReference = 3B1DFF4E22A8DCF900A4C1E4 /* SwiftUISamplesTests.xctest */;
			productType = "com.apple.product-type.bundle.unit-test";
		};
/* End PBXNativeTarget section */

/* Begin PBXProject section */
		3B1DFF3022A8DCF800A4C1E4 /* Project object */ = {
			isa = PBXProject;
			attributes = {
				LastSwiftUpdateCheck = 1100;
				LastUpgradeCheck = 1100;
				ORGANIZATIONNAME = Acme;
				TargetAttributes = {
					3B1DFF3722A8DCF800A4C1E4 = {
						CreatedOnToolsVersion = 11.0;
					};
					3B1DFF4D22A8DCF900A4C1E4 = {
						CreatedOnToolsVersion = 11.0;
						TestTargetID = 3B1DFF3722A8DCF800A4C1E4;
					};
				};
			};
			buildConfigurationList = 3B1DFF3322A8DCF800A4C1E4 /* Build configuration list for PBXProject "SwiftUISamples" */;
			compatibilityVersion = "Xcode 9.3";
			developmentRegion = en;
			hasScannedForEncodings = 0;
			knownRegions = (
				en,
				Base,
			);
			mainGroup = 3B1DFF2F22A8DCF700A4C1E4;
			productRefGroup = 3B1DFF3922A8DCF800A4C1E4 /* Products */;
			projectDirPath = "";
			projectRoot = "";
			targets = (
				3B1DFF3722A8DCF800A4C1E4 /* SwiftUISamples */,
				3B1DFF4D22A8DCF900A4C1E4 /* SwiftUISamplesTests */,
			);
		};
/* End PBXProject section */

/* Begin PBXResourcesBuildPhase section */
		3B1DFF3622A8DCF800A4C1E4 /* Resources */ = {
			isa = PBXResourcesBuildPhase;
			buildActionMask = 2147483647;
			files = (
				3B1DFF4822A8DCF900A4C1E4 /* LaunchScreen.storyboard in Resources */,
				3B1DFF4522A8DCF900A4C1E4 /* Preview Assets.xcassets in Resources */,
				3B1DFF4222A8DCF900A4C1E4 /* Assets.xcassets in Resources */,
			);
			runOnlyForDeploymentPostprocessing = 0;
		};
		3B1DFF4C22A8DCF900A4C1E4 /* Resources */ = {
			isa = PBXResourcesBuildPhase;
			buildActionMask = 2147483647;
			files = (
			);
			runOnlyForDeploymentPostprocessing = 0;
		};
/* End PBXResourcesBuildPhase section */

/* Begin PBXSourcesBuildPhase section */
		3B1DFF3422A8DCF800A4C1E4 /* Sources */ = {
			isa = PBXSourcesBuildPhase;
			buildActionMask = 2147483647;
			files = (
				3B1DFF3C22A8DCF800A4C1E4 /* AppDelegate.swift in Sources */,
				3B1DFF3E22A8DCF800A4C1E4 /* SceneDelegate.swift in Sources */,
				3B1DFF4022A8DCF800A4C1E4 /* SampleList.swift in Sources */,
			);
			runOnlyForDeploymentPostprocessing = 0;
		};
		3B1DFF4A22A8DCF900A4C1E4 /* Sources */ = {
			isa = PBXSourcesBuildPhase;
			buildActionMask = 2147483647;
			files = (
				3B1DFF5322A8DCF900A4C1E4 /* SwiftUISamplesTests.swift in Sources */,
			);
			runOnlyForDeploymentPostprocessing = 0;
		};
/* End PBXSourcesBuildPhase section */

/* Begin PBXTargetDependency section */
		3B1DFF5022A8DCF900A4C1E4 /* PBXTargetDependency */ = {
			isa = PBXTargetDependency;
			target = 3B1DFF3722A8DCF800A4C1E4 /* SwiftUISamples */;
			targetProxy = 3B1DFF4F22A8DCF900A4C1E4 /* PBXContainerItemProxy */;
		};
/* End PBXTargetDependency section */

/* Begin PBXVariantGroup section */
		3B1DFF4622A8DCF900A4C1E4 /* LaunchScreen.storyboard */ = {
			isa = PBXVariantGroup;
			children = (
				3B1DFF4722A8DCF900A4C1E4 /* Base */,
			);
			name = LaunchScreen.storyboard;
			sourceTree = "<group>";
		};
/* End PBXVariantGroup section */

/* Begin XCBuildConfiguration section */
		3B1DFF5522A8DCF900A4C1E4 /* Debug */ = {
			isa = XCBuildConfiguration;
			buildSettings = {
				ALWAYS_SEARCH_USER_PATHS = NO;
				CLANG_ANALYZER_NONNULL = YES;
				CLANG_ANALYZER_NUMBER_OBJECT_CONVERSION = YES_AGGRESSIVE;
				CLANG_CXX_LANGUAGE_STANDARD = "gnu++14";
				CLANG_CXX_LIBRARY = "libc++";
				CLANG_ENABLE_MODULES = YES;
				CLANG_ENABLE_OBJC_ARC = YES;
				CLANG_ENABLE_OBJC_WEAK = YES;
				CLANG_WARN_BLOCK_CAPTURE_AUTORELEASING = YES;
				CLANG_WARN_BOOL_CONVERSION = YES;
				CLANG_WARN_COMMA = YES;
				CLANG_WARN_CONSTANT_CONVERSION = YES;
				CLANG_WARN_DEPRECATED_OBJC_IMPLEMENTATIONS = YES;
				CLANG_WARN_DIRECT_OBJC_ISA_USAGE = YES_ERROR;
				CLANG_WARN_DOCUMENTATION_COMMENTS = YES;
				CLANG_WARN_EMPTY_BODY = YES;
				CLANG_WARN_ENUM_CONVERSION = YES;
				CLANG_WARN_INFINITE_RECURSION = YES;
				CLANG_WARN_INT_CONVERSION = YES;
				CLANG_WARN_NON_LITERAL_NULL_CONVERSION = YES;
				CLANG_WARN_OBJC_IMPLICIT_RETAIN_SELF = YES;
				CLANG_WARN_OBJC_LITERAL_CONVERSION = YES;
				CLANG_WARN_OBJC_ROOT_CLASS = YES_ERROR;
				CLANG_WARN_RANGE_LOOP_ANALYSIS = YES;
				CLANG_WARN_STRICT_PROTOTYPES = YES;
				CLANG_WARN_SUSPICIOUS_MOVE = YES;
				CLANG_WARN_UNGUARDED_AVAILABILITY = YES_AGGRESSIVE;
				CLANG_WARN_UNREACHABLE_CODE = YES;
				CLANG_WARN__DUPLICATE_METHOD_MATCH = YES;
				COPY_PHASE_STRIP = NO;
				DEBUG_INFORMATION_FORMAT = dwarf;
				ENABLE_STRICT_OBJC_MSGSEND = YES;
				ENABLE_TESTABILITY = YES;
				GCC_C_LANGUAGE_STANDARD = gnu11;
				GCC_DYNAMIC_NO_PIC = NO;
				GCC_NO_COMMON_BLOCKS = YES;
				GCC_OPTIMIZATION_LEVEL = 0;
				GCC_PREPROCESSOR_DEFINITIONS = (
					"DEBUG=1",
					"$(inherited)",
				);
				GCC_WARN_64_TO_32_BIT_CONVERSION = YES;
				GCC_WARN_ABOUT_RETURN_TYPE = YES_ERROR;
				GCC_WARN_UNDECLARED_SELECTOR = YES;
				GCC_WARN_UNINITIALIZED_AUTOS = YES_AGGRESSIVE;
				GCC_WARN_UNUSED_FUNCTION = YES;
				GCC_WARN_UNUSED_VARIABLE = YES;
				IPHONEOS_DEPLOYMENT_TARGET = 13.0;
				MTL_ENABLE_DEBUG_INFO = INCLUDE_SOURCE;
				MTL_FAST_MATH = YES;
				ONLY_ACTIVE_ARCH = YES;
				SDKROOT = iphoneos;
				SWIFT_ACTIVE_COMPILATION_CONDITIONS = DEBUG;
				SWIFT_OPTIMIZATION_LEVEL = "-Onone";
			};
			name = Debug;
		};
		3B1DFF5622A8DCF900A4C1E4 /* Release */ = {
			isa = XCBuildConfiguration;
			buildSettings = {
				ALWAYS_SEARCH_USER_PATHS = NO;
				CLANG_ANALYZER_NONNULL = YES;
				CLANG_ANALYZER_NUMBER_OBJECT_CONVERSION = YES_AGGRESSIVE;
				CLANG_CXX_LANGUAGE_STANDARD = "gnu++14";
				CLANG_CXX_LIBRARY = "libc++";
				CLANG_ENABLE_MODULES = YES;
				CLANG_ENABLE_OBJC_ARC = YES;
				CLANG_ENABLE_OBJC_WEAK = YES;
				CLANG_WARN_BLOCK_CAPTURE_AUTORELEASING = YES;
				CLANG_WARN_BOOL_CONVERSION = YES;
				CLANG_WARN_COMMA = YES;
				CLANG_WARN_CONSTANT_CONVERSION = YES;
				CLANG_WARN_DEPRECATED_OBJC_IMPLEMENTATIONS = YES;
				CLANG_WARN_DIRECT_OBJC_ISA_USAGE = YES_ERROR;
				CLANG_WARN_DOCUMENTATION_COMMENTS = YES;
				CLANG_WARN_EMPTY_BODY = YES;
				CLANG_WARN_ENUM_CONVERSION = YES;
				CLANG_WARN_INFINITE_RECURSION = YES;
				CLANG_WARN_INT_CONVERSION = YES;
				CLANG_WARN_NON_LITERAL_NULL_CONVERSION = YES;
				CLANG_WARN_OBJC_IMPLICIT_RETAIN_SELF = YES;
				CLANG_WARN_OBJC_LITERAL_CONVERSION = YES;
				CLANG_WARN_OBJC_ROOT_CLASS = YES_ERROR;
				CLANG_WARN_RANGE_LOOP_ANALYSIS = YES;
				CLANG_WARN_STRICT_PROTOTYPES = YES;
				CLANG_WARN_SUSPICIOUS_MOVE = YES;
				CLANG_WARN_UNGUARDED_AVAILABILITY = YES_AGGRESSIVE;
				CLANG_WARN_UNREACHABLE_CODE = YES;
				CLANG_WARN__DUPLICATE_METHOD_MATCH = YES;
				COPY_PHASE_STRIP = NO;
				DEBUG_INFORMATION_FORMAT = "dwarf-with-dsym";
				ENABLE_NS_ASSERTIONS = NO;
				ENABLE_STRICT_OBJC_MSGSEND = YES;
				GCC_C_LANGUAGE_STANDARD = gnu11;
				GCC_NO_COMMON_BLOCKS = YES;
				GCC_WARN_64_TO_32_BIT_CONVERSION = YES;
				GCC_WARN_ABOUT_RETURN_TYPE = YES_ERROR;
				GCC_WARN_UNDECLARED_SELECTOR = YES;
				GCC_WARN_UNINITIALIZED_AUTOS = YES_AGGRESSIVE;
				GCC_WARN_UNUSED_FUNCTION = YES;
				GCC_WARN_UNUSED_VARIABLE = YES;
				IPHONEOS_DEPLOYMENT_TARGET = 13.0;
				MTL_ENABLE_DEBUG_INFO = NO;
				MTL_FAST_MATH = YES;
				SDKROOT = iphoneos;
				SWIFT_COMPILATION_MODE = wholemodule;
				SWIFT_OPTIMIZATION_LEVEL = "-O";
				VALIDATE_PRODUCT = YES;
			};
			name = Release;
		};
		3B1DFF5822A8DCF900A4C1E4 /* Debug */ = {
			isa = XCBuildConfiguration;
			buildSettings = {
				ASSETCATALOG_COMPILER_APPICON_NAME = AppIcon;
				CODE_SIGN_STYLE = Automatic;
				DEVELOPMENT_ASSET_PATHS = "SwiftUISamples/Preview\\ Content";
				ENABLE_PREVIEWS = YES;
				INFOPLIST_FILE = SwiftUISamples/Info.plist;
				LD_RUNPATH_SEARCH_PATHS = (
					"$(inherited)",
					"@executable_path/Frameworks",
				);
				PRODUCT_BUNDLE_IDENTIFIER = com.acme.SwiftUISamples;
				PRODUCT_NAME = "$(TARGET_NAME)";
				SWIFT_VERSION = 5.0;
				TARGETED_DEVICE_FAMILY = "1,2";
			};
			name = Debug;
		};
		3B1DFF5922A8DCF900A4C1E4 /* Release */ = {
			isa = XCBuildConfiguration;
			buildSettings = {
				ASSETCATALOG_COMPILER_APPICON_NAME = AppIcon;
				CODE_SIGN_STYLE = Automatic;
				DEVELOPMENT_ASSET_PATHS = "SwiftUISamples/Preview\\ Content";
				ENABLE_PREVIEWS = YES;
				INFOPLIST_FILE = SwiftUISamples/Info.plist;
				LD_RUNPATH_SEARCH_PATHS = (
					"$(inherited)",
					"@executable_path/Frameworks",
				);
				PRODUCT_BUNDLE_IDENTIFIER = com.acme.SwiftUISamples;
				PRODUCT_NAME = "$(TARGET_NAME)";
				SWIFT_VERSION = 5.0;
				TARGETED_DEVICE_FAMILY = "1,2";
			};
			name = Release;
		};
		3B1DFF5B22A8DCF900A4C1E4 /* Debug */ = {
			isa = XCBuildConfiguration;
			buildSettings = {
				ALWAYS_EMBED_SWIFT_STANDARD_LIBRARIES = YES;
				BUNDLE_LOADER = "$(TEST_HOST)";
				CODE_SIGN_STYLE = Automatic;
				INFOPLIST_FILE = SwiftUISamplesTests/Info.plist;
				LD_RUNPATH_SEARCH_PATHS = (
					"$(inherited)",
					"@executable_path/Frameworks",
					"@loader_path/Frameworks",
				);
				PRODUCT_BUNDLE_IDENTIFIER = com.acme.SwiftUISamplesTests;
				PRODUCT_NAME = "$(TARGET_NAME)";
				SWIFT_VERSION = 5.0;
				TARGETED_DEVICE_FAMILY = "1,2";
				TEST_HOST = "$(BUILT_PRODUCTS_DIR)/SwiftUISamples.app/SwiftUISamples";
			};
			name = Debug;
		};
		3B1DFF5C22A8DCF900A4C1E4 /* Release */ = {
			isa = XCBuildConfiguration;
			buildSettings = {
				ALWAYS_EMBED_SWIFT_STANDARD_LIBRARIES = YES;
				BUNDLE_LOADER = "$(TEST_HOST)";
				CODE_SIGN_STYLE = Automatic;
				INFOPLIST_FILE = SwiftUISamplesTests/Info.plist;
				LD_RUNPATH_SEARCH_PATHS = (
					"$(inherited)",
					"@executable_path/Frameworks",
					"@loader_path/Frameworks",
				);
				PRODUCT_BUNDLE_IDENTIFIER = com.acme.SwiftUISamplesTests;
				PRODUCT_NAME = "$(TARGET_NAME)";
				SWIFT_VERSION = 5.0;
				TARGETED_DEVICE_FAMILY = "1,2";
				TEST_HOST = "$(BUILT_PRODUCTS_DIR)/SwiftUISamples.app/SwiftUISamples";
			};
			name = Release;
		};
/* End XCBuildConfiguration section */

/* Begin XCConfigurationList section */
		3B1DFF3322A8DCF800A4C1E4 /* Build configuration list for PBXProject "SwiftUISamples" */ = {
			isa = XCConfigurationList;
			buildConfigurations = (
				3B1DFF5522A8DCF900A4C1E4 /* Debug */,
				3B1DFF5622A8DCF900A4C1E4 /* Release */,
			);
			defaultConfigurationIsVisible = 0;
			defaultConfigurationName = Release;
		};
		3B1DFF5722A8DCF900A4C1E4 /* Build configuration list for PBXNativeTarget "SwiftUISamples" */ = {
			isa = XCConfigurationList;
			buildConfigurations = (
				3B1DFF5822A8DCF900A4C1E4 /* Debug */,
				3B1DFF5922A8DCF900A4C1E4 /* Release */,
			);
			defaultConfigurationIsVisible = 0;
			defaultConfigurationName = Release;
		};
		3B1DFF5A22A8DCF900A4C1E4 /* Build configuration list for PBXNativeTarget "SwiftUISamplesTests" */ = {
			isa = XCConfigurationList;
			buildConfigurations = (
				3B1DFF5B22A8DCF900A4C1E4 /* Debug */,
				3B1DFF5C22A8DCF900A4C1E4 /* Release */,
			);
			defaultConfigurationIsVisible = 0;
			defaultConfigurationName = Release;
		};
/* End XCConfigurationList section */
	};
	rootObject = 3B1DFF3022A8DCF800A4C1E4 /* Project object */;
}
